%{"decimal": {:hex, :decimal, "1.1.2", "79a769d4657b2d537b51ef3c02d29ab7141d2b486b516c109642d453ee08e00c", [:mix], []},
  "ecto": {:hex, :ecto, "1.0.7", "d8deca5d5a03e7c9ed4821e6f1f85dad736aca960785f154e3a8c1bee1aeaa13", [:mix], [{:decimal, "~> 1.0", [hex: :decimal, optional: false]}, {:mariaex, "~> 0.4.1", [hex: :mariaex, optional: true]}, {:poison, "~> 1.0", [hex: :poison, optional: true]}, {:poolboy, "~> 1.4", [hex: :poolboy, optional: false]}, {:postgrex, "~> 0.9.1", [hex: :postgrex, optional: true]}, {:sbroker, "~> 0.7", [hex: :sbroker, optional: true]}]},
  "poolboy": {:hex, :poolboy, "1.5.1", "6b46163901cfd0a1b43d692657ed9d7e599853b3b21b95ae5ae0a777cf9b6ca8", [:rebar], []},
  "postgrex": {:hex, :postgrex, "0.9.1", "a7c9d4b3cc70b4b8c73190e0d462e057e22e1597954deb422fc45d5183463d61", [:mix], [{:decimal, "~> 1.0", [hex: :decimal, optional: false]}]}}
